
Microsoft Visual Studio Solution File, Format Version 12.00
# Visual Studio Version 16
VisualStudioVersion = 16.0.31727.386
MinimumVisualStudioVersion = 10.0.40219.1
Project("{2150E333-8FDC-42A3-9474-1A3956D46DE8}") = "src", "src", "{EE84FA9A-03FF-41D7-A1D4-A917C4255E9A}"
EndProject
Project("{2150E333-8FDC-42A3-9474-1A3956D46DE8}") = "common", "common", "{952B2303-FA67-42DD-9B66-C8CCE97A8F8F}"
	ProjectSection(SolutionItems) = preProject
		.dockerignore = .dockerignore
		.gitignore = .gitignore
		Dockerfile = Dockerfile
		README.md = README.md
	EndProjectSection
EndProject
Project("{2150E333-8FDC-42A3-9474-1A3956D46DE8}") = "tests", "tests", "{04DB85CC-96C8-43F7-BDBD-60CCCA3E0A7D}"
EndProject
Project("{9A19103F-16F7-4668-BE54-9A1E7A4F7556}") = "MerchandiseService", "src\MerchandiseService\MerchandiseService.csproj", "{C59E613B-F176-448B-904A-3D61A74684B7}"
EndProject
Project("{2150E333-8FDC-42A3-9474-1A3956D46DE8}") = "deploy", "deploy", "{EE7A0A2F-8E41-4340-AE57-42B7C9A2A49F}"
	ProjectSection(SolutionItems) = preProject
		deploy\docker-compose.yml = deploy\docker-compose.yml
	EndProjectSection
EndProject
Project("{FAE04EC0-301F-11D3-BF4B-00C04F79EFBC}") = "MerchandiseService.HttpModels", "src\MerchandiseService.HttpModels\MerchandiseService.HttpModels.csproj", "{8108ED11-2F92-466C-83F0-34C3456A81EF}"
EndProject
Project("{FAE04EC0-301F-11D3-BF4B-00C04F79EFBC}") = "MerchandiseService.HttpClient", "src\MerchandiseService.HttpClient\MerchandiseService.HttpClient.csproj", "{07CBB8F5-1603-44B8-BB25-9EEB788FB803}"
EndProject
Project("{FAE04EC0-301F-11D3-BF4B-00C04F79EFBC}") = "MerchandiseService.Grpc", "src\MerchandiseService.Grpc\MerchandiseService.Grpc.csproj", "{D4EDB05C-4337-4118-BF11-4B01E7409B15}"
EndProject
Project("{FAE04EC0-301F-11D3-BF4B-00C04F79EFBC}") = "MerchandiseService.Domain", "src\MerchandiseService.Domain\MerchandiseService.Domain.csproj", "{D9DD7903-5904-46FA-89C7-7F302F9F4EC9}"
EndProject
Project("{FAE04EC0-301F-11D3-BF4B-00C04F79EFBC}") = "MerchandiseService.Infrastructure", "src\MerchandiseService.Infrastructure\MerchandiseService.Infrastructure.csproj", "{868DFDBE-C8F0-45D4-ACFB-96FDB55E396A}"
EndProject
Project("{FAE04EC0-301F-11D3-BF4B-00C04F79EFBC}") = "MerchandiseService.Domain.Tests", "tests\MerchandiseService.Domain.Tests\MerchandiseService.Domain.Tests.csproj", "{CE2C3D1E-7A1E-4EB5-92D5-4F449AA8DF2F}"
EndProject
Global
	GlobalSection(SolutionConfigurationPlatforms) = preSolution
		Debug|Any CPU = Debug|Any CPU
		Release|Any CPU = Release|Any CPU
	EndGlobalSection
	GlobalSection(ProjectConfigurationPlatforms) = postSolution
		{C59E613B-F176-448B-904A-3D61A74684B7}.Debug|Any CPU.ActiveCfg = Debug|Any CPU
		{C59E613B-F176-448B-904A-3D61A74684B7}.Debug|Any CPU.Build.0 = Debug|Any CPU
		{C59E613B-F176-448B-904A-3D61A74684B7}.Release|Any CPU.ActiveCfg = Release|Any CPU
		{C59E613B-F176-448B-904A-3D61A74684B7}.Release|Any CPU.Build.0 = Release|Any CPU
		{8108ED11-2F92-466C-83F0-34C3456A81EF}.Debug|Any CPU.ActiveCfg = Debug|Any CPU
		{8108ED11-2F92-466C-83F0-34C3456A81EF}.Debug|Any CPU.Build.0 = Debug|Any CPU
		{8108ED11-2F92-466C-83F0-34C3456A81EF}.Release|Any CPU.ActiveCfg = Release|Any CPU
		{8108ED11-2F92-466C-83F0-34C3456A81EF}.Release|Any CPU.Build.0 = Release|Any CPU
		{07CBB8F5-1603-44B8-BB25-9EEB788FB803}.Debug|Any CPU.ActiveCfg = Debug|Any CPU
		{07CBB8F5-1603-44B8-BB25-9EEB788FB803}.Debug|Any CPU.Build.0 = Debug|Any CPU
		{07CBB8F5-1603-44B8-BB25-9EEB788FB803}.Release|Any CPU.ActiveCfg = Release|Any CPU
		{07CBB8F5-1603-44B8-BB25-9EEB788FB803}.Release|Any CPU.Build.0 = Release|Any CPU
		{D4EDB05C-4337-4118-BF11-4B01E7409B15}.Debug|Any CPU.ActiveCfg = Debug|Any CPU
		{D4EDB05C-4337-4118-BF11-4B01E7409B15}.Debug|Any CPU.Build.0 = Debug|Any CPU
		{D4EDB05C-4337-4118-BF11-4B01E7409B15}.Release|Any CPU.ActiveCfg = Release|Any CPU
		{D4EDB05C-4337-4118-BF11-4B01E7409B15}.Release|Any CPU.Build.0 = Release|Any CPU
		{D9DD7903-5904-46FA-89C7-7F302F9F4EC9}.Debug|Any CPU.ActiveCfg = Debug|Any CPU
		{D9DD7903-5904-46FA-89C7-7F302F9F4EC9}.Debug|Any CPU.Build.0 = Debug|Any CPU
		{D9DD7903-5904-46FA-89C7-7F302F9F4EC9}.Release|Any CPU.ActiveCfg = Release|Any CPU
		{D9DD7903-5904-46FA-89C7-7F302F9F4EC9}.Release|Any CPU.Build.0 = Release|Any CPU
		{868DFDBE-C8F0-45D4-ACFB-96FDB55E396A}.Debug|Any CPU.ActiveCfg = Debug|Any CPU
		{868DFDBE-C8F0-45D4-ACFB-96FDB55E396A}.Debug|Any CPU.Build.0 = Debug|Any CPU
		{868DFDBE-C8F0-45D4-ACFB-96FDB55E396A}.Release|Any CPU.ActiveCfg = Release|Any CPU
		{868DFDBE-C8F0-45D4-ACFB-96FDB55E396A}.Release|Any CPU.Build.0 = Release|Any CPU
		{CE2C3D1E-7A1E-4EB5-92D5-4F449AA8DF2F}.Debug|Any CPU.ActiveCfg = Debug|Any CPU
		{CE2C3D1E-7A1E-4EB5-92D5-4F449AA8DF2F}.Debug|Any CPU.Build.0 = Debug|Any CPU
		{CE2C3D1E-7A1E-4EB5-92D5-4F449AA8DF2F}.Release|Any CPU.ActiveCfg = Release|Any CPU
		{CE2C3D1E-7A1E-4EB5-92D5-4F449AA8DF2F}.Release|Any CPU.Build.0 = Release|Any CPU
	EndGlobalSection
	GlobalSection(SolutionProperties) = preSolution
		HideSolutionNode = FALSE
	EndGlobalSection
	GlobalSection(NestedProjects) = preSolution
		{C59E613B-F176-448B-904A-3D61A74684B7} = {EE84FA9A-03FF-41D7-A1D4-A917C4255E9A}
		{8108ED11-2F92-466C-83F0-34C3456A81EF} = {EE84FA9A-03FF-41D7-A1D4-A917C4255E9A}
		{07CBB8F5-1603-44B8-BB25-9EEB788FB803} = {EE84FA9A-03FF-41D7-A1D4-A917C4255E9A}
		{D4EDB05C-4337-4118-BF11-4B01E7409B15} = {EE84FA9A-03FF-41D7-A1D4-A917C4255E9A}
		{D9DD7903-5904-46FA-89C7-7F302F9F4EC9} = {EE84FA9A-03FF-41D7-A1D4-A917C4255E9A}
		{868DFDBE-C8F0-45D4-ACFB-96FDB55E396A} = {EE84FA9A-03FF-41D7-A1D4-A917C4255E9A}
		{CE2C3D1E-7A1E-4EB5-92D5-4F449AA8DF2F} = {04DB85CC-96C8-43F7-BDBD-60CCCA3E0A7D}
	EndGlobalSection
	GlobalSection(ExtensibilityGlobals) = postSolution
		SolutionGuid = {01DF767B-F848-448C-8EF2-7A65BABC279E}
	EndGlobalSection
EndGlobal
